
Microsoft Visual Studio Solution File, Format Version 12.00
# Visual Studio Version 18
VisualStudioVersion = 18.4.11620.152
MinimumVisualStudioVersion = 10.0.40219.1
Project("{2150E333-8FDC-42A3-9474-1A3956D46DE8}") = "Solution Items", "Solution Items", "{61D88695-7408-463C-9EDE-11D6505C7B6C}"
	ProjectSection(SolutionItems) = preProject
		.editorconfig = .editorconfig
	EndProjectSection
EndProject
Project("{FAE04EC0-301F-11D3-BF4B-00C04F79EFBC}") = "fintech.API", "fintech.API\fintech.API.csproj", "{7F955A02-DA19-B210-C319-E94F20C347C1}"
EndProject
Global
	GlobalSection(SolutionConfigurationPlatforms) = preSolution
		Debug|Any CPU = Debug|Any CPU
		Release|Any CPU = Release|Any CPU
	EndGlobalSection
	GlobalSection(ProjectConfigurationPlatforms) = postSolution
		{7F955A02-DA19-B210-C319-E94F20C347C1}.Debug|Any CPU.ActiveCfg = Debug|Any CPU
		{7F955A02-DA19-B210-C319-E94F20C347C1}.Debug|Any CPU.Build.0 = Debug|Any CPU
		{7F955A02-DA19-B210-C319-E94F20C347C1}.Release|Any CPU.ActiveCfg = Release|Any CPU
		{7F955A02-DA19-B210-C319-E94F20C347C1}.Release|Any CPU.Build.0 = Release|Any CPU
	EndGlobalSection
	GlobalSection(SolutionProperties) = preSolution
		HideSolutionNode = FALSE
	EndGlobalSection
	GlobalSection(ExtensibilityGlobals) = postSolution
		SolutionGuid = {B133F62F-500D-4E26-9459-E9122BFC969F}
	EndGlobalSection
EndGlobal
